
Microsoft Visual Studio Solution File, Format Version 12.00
# Visual Studio Version 16
VisualStudioVersion = 16.0.33027.164
MinimumVisualStudioVersion = 10.0.40219.1
Project("{C9674DCB-5085-4A16-B785-4C70DD1589BD}") = "dep assignment1 ver1", "dep assignment1 ver1\dep assignment1 ver1.dtproj", "{1957C006-AFED-47C8-A106-62515F14CDBF}"
EndProject
Global
	GlobalSection(SolutionConfigurationPlatforms) = preSolution
		Development|Default = Development|Default
	EndGlobalSection
	GlobalSection(ProjectConfigurationPlatforms) = postSolution
		{1957C006-AFED-47C8-A106-62515F14CDBF}.Development|Default.ActiveCfg = Development
		{1957C006-AFED-47C8-A106-62515F14CDBF}.Development|Default.Build.0 = Development
	EndGlobalSection
	GlobalSection(SolutionProperties) = preSolution
		HideSolutionNode = FALSE
	EndGlobalSection
	GlobalSection(ExtensibilityGlobals) = postSolution
		SolutionGuid = {14646521-866D-4886-BFAE-5B3C9045C6D4}
	EndGlobalSection
EndGlobal
